
Microsoft Visual Studio Solution File, Format Version 12.00
Project("{FAE04EC0-301F-11D3-BF4B-00C04F79EFBC}") = "Hole1", "Hole1\Hole1.csproj", "{D788423E-443B-488B-B63E-7E24C5846235}"
EndProject
Project("{FAE04EC0-301F-11D3-BF4B-00C04F79EFBC}") = "Hole1.Tests", "Hole1.Tests\Hole1.Tests.csproj", "{775C0D11-7874-4146-9308-5C5C1ED1FC5F}"
EndProject
Project("{FAE04EC0-301F-11D3-BF4B-00C04F79EFBC}") = "Hole2", "Hole2\Hole2.csproj", "{26BE78DA-14BE-4F68-AD13-137B22BEEFE4}"
EndProject
Project("{FAE04EC0-301F-11D3-BF4B-00C04F79EFBC}") = "Hole2.Tests", "Hole2.Tests\Hole2.Tests.csproj", "{2CD46571-4EFC-4BE8-AFE8-AE61F5D7039A}"
EndProject
Project("{FAE04EC0-301F-11D3-BF4B-00C04F79EFBC}") = "Hole3", "Hole3\Hole3.csproj", "{47C5F1BF-5E86-4E00-93D6-F1443FD5A41B}"
EndProject
Project("{FAE04EC0-301F-11D3-BF4B-00C04F79EFBC}") = "Hole4", "Hole4\Hole4.csproj", "{171AD893-43BD-4CCE-92E9-C92ED41FBB90}"
EndProject
Project("{FAE04EC0-301F-11D3-BF4B-00C04F79EFBC}") = "Hole5", "Hole5\Hole5.csproj", "{24077858-661E-45C7-8322-DA8379FAEEC7}"
EndProject
Project("{FAE04EC0-301F-11D3-BF4B-00C04F79EFBC}") = "Hole6", "Hole6\Hole6.csproj", "{17F1775A-6085-4BB4-8B4A-97044EA64D3B}"
EndProject
Project("{FAE04EC0-301F-11D3-BF4B-00C04F79EFBC}") = "Hole7", "Hole7\Hole7.csproj", "{28E5F8B5-E29B-4320-8742-1645BE65839A}"
EndProject
Project("{FAE04EC0-301F-11D3-BF4B-00C04F79EFBC}") = "Hole3.Tests", "Hole3.Tests\Hole3.Tests.csproj", "{20FE3165-8342-4DC2-8EB8-1722C834DA87}"
EndProject
Project("{FAE04EC0-301F-11D3-BF4B-00C04F79EFBC}") = "Hole4.Tests", "Hole4.Tests\Hole4.Tests.csproj", "{B3425655-714C-4DED-BDFD-B905666F0B66}"
EndProject
Project("{FAE04EC0-301F-11D3-BF4B-00C04F79EFBC}") = "Hole5.Tests", "Hole5.Tests\Hole5.Tests.csproj", "{E17D3229-ABB9-419C-A2C5-3C0B8D467B30}"
EndProject
Project("{FAE04EC0-301F-11D3-BF4B-00C04F79EFBC}") = "Hole6.Tests", "Hole6.Tests\Hole6.Tests.csproj", "{4BCD50D5-3BDC-4741-8891-923FF52751F2}"
EndProject
Project("{FAE04EC0-301F-11D3-BF4B-00C04F79EFBC}") = "Hole7.Tests", "Hole7.Tests\Hole7.Tests.csproj", "{279A4644-E205-453C-AB20-367DCB3CC286}"
EndProject
Global
	GlobalSection(SolutionConfigurationPlatforms) = preSolution
		Debug|Any CPU = Debug|Any CPU
		Release|Any CPU = Release|Any CPU
	EndGlobalSection
	GlobalSection(ProjectConfigurationPlatforms) = postSolution
		{D788423E-443B-488B-B63E-7E24C5846235}.Debug|Any CPU.ActiveCfg = Debug|Any CPU
		{D788423E-443B-488B-B63E-7E24C5846235}.Debug|Any CPU.Build.0 = Debug|Any CPU
		{D788423E-443B-488B-B63E-7E24C5846235}.Release|Any CPU.ActiveCfg = Release|Any CPU
		{D788423E-443B-488B-B63E-7E24C5846235}.Release|Any CPU.Build.0 = Release|Any CPU
		{775C0D11-7874-4146-9308-5C5C1ED1FC5F}.Debug|Any CPU.ActiveCfg = Debug|Any CPU
		{775C0D11-7874-4146-9308-5C5C1ED1FC5F}.Debug|Any CPU.Build.0 = Debug|Any CPU
		{775C0D11-7874-4146-9308-5C5C1ED1FC5F}.Release|Any CPU.ActiveCfg = Release|Any CPU
		{775C0D11-7874-4146-9308-5C5C1ED1FC5F}.Release|Any CPU.Build.0 = Release|Any CPU
		{26BE78DA-14BE-4F68-AD13-137B22BEEFE4}.Debug|Any CPU.ActiveCfg = Debug|Any CPU
		{26BE78DA-14BE-4F68-AD13-137B22BEEFE4}.Debug|Any CPU.Build.0 = Debug|Any CPU
		{26BE78DA-14BE-4F68-AD13-137B22BEEFE4}.Release|Any CPU.ActiveCfg = Release|Any CPU
		{26BE78DA-14BE-4F68-AD13-137B22BEEFE4}.Release|Any CPU.Build.0 = Release|Any CPU
		{2CD46571-4EFC-4BE8-AFE8-AE61F5D7039A}.Debug|Any CPU.ActiveCfg = Debug|Any CPU
		{2CD46571-4EFC-4BE8-AFE8-AE61F5D7039A}.Debug|Any CPU.Build.0 = Debug|Any CPU
		{2CD46571-4EFC-4BE8-AFE8-AE61F5D7039A}.Release|Any CPU.ActiveCfg = Release|Any CPU
		{2CD46571-4EFC-4BE8-AFE8-AE61F5D7039A}.Release|Any CPU.Build.0 = Release|Any CPU
		{47C5F1BF-5E86-4E00-93D6-F1443FD5A41B}.Debug|Any CPU.ActiveCfg = Debug|Any CPU
		{47C5F1BF-5E86-4E00-93D6-F1443FD5A41B}.Debug|Any CPU.Build.0 = Debug|Any CPU
		{47C5F1BF-5E86-4E00-93D6-F1443FD5A41B}.Release|Any CPU.ActiveCfg = Release|Any CPU
		{47C5F1BF-5E86-4E00-93D6-F1443FD5A41B}.Release|Any CPU.Build.0 = Release|Any CPU
		{171AD893-43BD-4CCE-92E9-C92ED41FBB90}.Debug|Any CPU.ActiveCfg = Debug|Any CPU
		{171AD893-43BD-4CCE-92E9-C92ED41FBB90}.Debug|Any CPU.Build.0 = Debug|Any CPU
		{171AD893-43BD-4CCE-92E9-C92ED41FBB90}.Release|Any CPU.ActiveCfg = Release|Any CPU
		{171AD893-43BD-4CCE-92E9-C92ED41FBB90}.Release|Any CPU.Build.0 = Release|Any CPU
		{24077858-661E-45C7-8322-DA8379FAEEC7}.Debug|Any CPU.ActiveCfg = Debug|Any CPU
		{24077858-661E-45C7-8322-DA8379FAEEC7}.Debug|Any CPU.Build.0 = Debug|Any CPU
		{24077858-661E-45C7-8322-DA8379FAEEC7}.Release|Any CPU.ActiveCfg = Release|Any CPU
		{24077858-661E-45C7-8322-DA8379FAEEC7}.Release|Any CPU.Build.0 = Release|Any CPU
		{17F1775A-6085-4BB4-8B4A-97044EA64D3B}.Debug|Any CPU.ActiveCfg = Debug|Any CPU
		{17F1775A-6085-4BB4-8B4A-97044EA64D3B}.Debug|Any CPU.Build.0 = Debug|Any CPU
		{17F1775A-6085-4BB4-8B4A-97044EA64D3B}.Release|Any CPU.ActiveCfg = Release|Any CPU
		{17F1775A-6085-4BB4-8B4A-97044EA64D3B}.Release|Any CPU.Build.0 = Release|Any CPU
		{28E5F8B5-E29B-4320-8742-1645BE65839A}.Debug|Any CPU.ActiveCfg = Debug|Any CPU
		{28E5F8B5-E29B-4320-8742-1645BE65839A}.Debug|Any CPU.Build.0 = Debug|Any CPU
		{28E5F8B5-E29B-4320-8742-1645BE65839A}.Release|Any CPU.ActiveCfg = Release|Any CPU
		{28E5F8B5-E29B-4320-8742-1645BE65839A}.Release|Any CPU.Build.0 = Release|Any CPU
		{20FE3165-8342-4DC2-8EB8-1722C834DA87}.Debug|Any CPU.ActiveCfg = Debug|Any CPU
		{20FE3165-8342-4DC2-8EB8-1722C834DA87}.Debug|Any CPU.Build.0 = Debug|Any CPU
		{20FE3165-8342-4DC2-8EB8-1722C834DA87}.Release|Any CPU.ActiveCfg = Release|Any CPU
		{20FE3165-8342-4DC2-8EB8-1722C834DA87}.Release|Any CPU.Build.0 = Release|Any CPU
		{B3425655-714C-4DED-BDFD-B905666F0B66}.Debug|Any CPU.ActiveCfg = Debug|Any CPU
		{B3425655-714C-4DED-BDFD-B905666F0B66}.Debug|Any CPU.Build.0 = Debug|Any CPU
		{B3425655-714C-4DED-BDFD-B905666F0B66}.Release|Any CPU.ActiveCfg = Release|Any CPU
		{B3425655-714C-4DED-BDFD-B905666F0B66}.Release|Any CPU.Build.0 = Release|Any CPU
		{E17D3229-ABB9-419C-A2C5-3C0B8D467B30}.Debug|Any CPU.ActiveCfg = Debug|Any CPU
		{E17D3229-ABB9-419C-A2C5-3C0B8D467B30}.Debug|Any CPU.Build.0 = Debug|Any CPU
		{E17D3229-ABB9-419C-A2C5-3C0B8D467B30}.Release|Any CPU.ActiveCfg = Release|Any CPU
		{E17D3229-ABB9-419C-A2C5-3C0B8D467B30}.Release|Any CPU.Build.0 = Release|Any CPU
		{4BCD50D5-3BDC-4741-8891-923FF52751F2}.Debug|Any CPU.ActiveCfg = Debug|Any CPU
		{4BCD50D5-3BDC-4741-8891-923FF52751F2}.Debug|Any CPU.Build.0 = Debug|Any CPU
		{4BCD50D5-3BDC-4741-8891-923FF52751F2}.Release|Any CPU.ActiveCfg = Release|Any CPU
		{4BCD50D5-3BDC-4741-8891-923FF52751F2}.Release|Any CPU.Build.0 = Release|Any CPU
		{279A4644-E205-453C-AB20-367DCB3CC286}.Debug|Any CPU.ActiveCfg = Debug|Any CPU
		{279A4644-E205-453C-AB20-367DCB3CC286}.Debug|Any CPU.Build.0 = Debug|Any CPU
		{279A4644-E205-453C-AB20-367DCB3CC286}.Release|Any CPU.ActiveCfg = Release|Any CPU
		{279A4644-E205-453C-AB20-367DCB3CC286}.Release|Any CPU.Build.0 = Release|Any CPU
	EndGlobalSection
EndGlobal
